
Microsoft Visual Studio Solution File, Format Version 12.00
# Visual Studio Version 17
VisualStudioVersion = 17.4.33403.182
MinimumVisualStudioVersion = 10.0.40219.1
Project("{FAE04EC0-301F-11D3-BF4B-00C04F79EFBC}") = "iGlycemic.API", "iGlycemic.API\iGlycemic.API.csproj", "{5E5D0DF2-8C2D-4127-A8C3-A45689D5E32E}"
EndProject
Project("{FAE04EC0-301F-11D3-BF4B-00C04F79EFBC}") = "iGlycemic.Core", "iGlycemic.Core\iGlycemic.Core.csproj", "{C13B2D0A-1839-4A9E-97EF-0E5804BB8F76}"
EndProject
Project("{FAE04EC0-301F-11D3-BF4B-00C04F79EFBC}") = "iGlycemic.Infrastructure", "iGlycemic.Infrastructure\iGlycemic.Infrastructure.csproj", "{624A6C21-9503-4418-A316-CE7C927C408E}"
EndProject
Project("{FAE04EC0-301F-11D3-BF4B-00C04F79EFBC}") = "iGlycemic.Services", "iGlycemic.Services\iGlycemic.Services.csproj", "{8115A6D2-6AC2-428A-8E91-1B3ECB1966FA}"
EndProject
Global
	GlobalSection(SolutionConfigurationPlatforms) = preSolution
		Debug|Any CPU = Debug|Any CPU
		Release|Any CPU = Release|Any CPU
	EndGlobalSection
	GlobalSection(ProjectConfigurationPlatforms) = postSolution
		{5E5D0DF2-8C2D-4127-A8C3-A45689D5E32E}.Debug|Any CPU.ActiveCfg = Debug|Any CPU
		{5E5D0DF2-8C2D-4127-A8C3-A45689D5E32E}.Debug|Any CPU.Build.0 = Debug|Any CPU
		{5E5D0DF2-8C2D-4127-A8C3-A45689D5E32E}.Release|Any CPU.ActiveCfg = Release|Any CPU
		{5E5D0DF2-8C2D-4127-A8C3-A45689D5E32E}.Release|Any CPU.Build.0 = Release|Any CPU
		{C13B2D0A-1839-4A9E-97EF-0E5804BB8F76}.Debug|Any CPU.ActiveCfg = Debug|Any CPU
		{C13B2D0A-1839-4A9E-97EF-0E5804BB8F76}.Debug|Any CPU.Build.0 = Debug|Any CPU
		{C13B2D0A-1839-4A9E-97EF-0E5804BB8F76}.Release|Any CPU.ActiveCfg = Release|Any CPU
		{C13B2D0A-1839-4A9E-97EF-0E5804BB8F76}.Release|Any CPU.Build.0 = Release|Any CPU
		{624A6C21-9503-4418-A316-CE7C927C408E}.Debug|Any CPU.ActiveCfg = Debug|Any CPU
		{624A6C21-9503-4418-A316-CE7C927C408E}.Debug|Any CPU.Build.0 = Debug|Any CPU
		{624A6C21-9503-4418-A316-CE7C927C408E}.Release|Any CPU.ActiveCfg = Release|Any CPU
		{624A6C21-9503-4418-A316-CE7C927C408E}.Release|Any CPU.Build.0 = Release|Any CPU
		{8115A6D2-6AC2-428A-8E91-1B3ECB1966FA}.Debug|Any CPU.ActiveCfg = Debug|Any CPU
		{8115A6D2-6AC2-428A-8E91-1B3ECB1966FA}.Debug|Any CPU.Build.0 = Debug|Any CPU
		{8115A6D2-6AC2-428A-8E91-1B3ECB1966FA}.Release|Any CPU.ActiveCfg = Release|Any CPU
		{8115A6D2-6AC2-428A-8E91-1B3ECB1966FA}.Release|Any CPU.Build.0 = Release|Any CPU
	EndGlobalSection
	GlobalSection(SolutionProperties) = preSolution
		HideSolutionNode = FALSE
	EndGlobalSection
	GlobalSection(ExtensibilityGlobals) = postSolution
		SolutionGuid = {E79A7B8B-F7E6-421F-9E4E-C9F933495504}
	EndGlobalSection
EndGlobal
